// !$*UTF8*$!
{
	archiveVersion = 1;
	classes = {
	};
	objectVersion = 50;
	objects = {

/* Begin PBXBuildFile section */
		4DC10257E1D9984A058FA42D /* Pods_MyAppStore.framework in Frameworks */ = {isa = PBXBuildFile; fileRef = 4240614B9888FB348F621AD1 /* Pods_MyAppStore.framework */; };
		6C351ACD2276B28A0050689C /* TodayController.swift in Sources */ = {isa = PBXBuildFile; fileRef = 6C351ACC2276B28A0050689C /* TodayController.swift */; };
		6C351AD12276B5250050689C /* TodayCell.swift in Sources */ = {isa = PBXBuildFile; fileRef = 6C351AD02276B5250050689C /* TodayCell.swift */; };
		6C351AD32276C0C00050689C /* AppFullScreenController.swift in Sources */ = {isa = PBXBuildFile; fileRef = 6C351AD22276C0C00050689C /* AppFullScreenController.swift */; };
		6C351AD52276C1320050689C /* AppFullScreenDataSource.swift in Sources */ = {isa = PBXBuildFile; fileRef = 6C351AD42276C1320050689C /* AppFullScreenDataSource.swift */; };
		6C351AD72276C4960050689C /* AppFullScreenDescriptionCell.swift in Sources */ = {isa = PBXBuildFile; fileRef = 6C351AD62276C4960050689C /* AppFullScreenDescriptionCell.swift */; };
		6C351AD92276CD940050689C /* AppFullScreenHeaderCell.swift in Sources */ = {isa = PBXBuildFile; fileRef = 6C351AD82276CD940050689C /* AppFullScreenHeaderCell.swift */; };
		6C351ADB2276E8A10050689C /* UIViewController+Extension.swift in Sources */ = {isa = PBXBuildFile; fileRef = 6C351ADA2276E8A10050689C /* UIViewController+Extension.swift */; };
		6C57108F2277E3B30042DD50 /* TodayItem.swift in Sources */ = {isa = PBXBuildFile; fileRef = 6C57108E2277E3B30042DD50 /* TodayItem.swift */; };
		6C57109322780EBD0042DD50 /* BaseTodayCell.swift in Sources */ = {isa = PBXBuildFile; fileRef = 6C57109222780EBD0042DD50 /* BaseTodayCell.swift */; };
		6C6A94E82279B235007FD3C7 /* BackEnabledNavController.swift in Sources */ = {isa = PBXBuildFile; fileRef = 6C6A94E72279B235007FD3C7 /* BackEnabledNavController.swift */; };
		6CA095AC2275710E000ECEF1 /* SocialApp.swift in Sources */ = {isa = PBXBuildFile; fileRef = 6CA095AB2275710E000ECEF1 /* SocialApp.swift */; };
		6CA095AE2275799E000ECEF1 /* HorizontalSnappingController.swift in Sources */ = {isa = PBXBuildFile; fileRef = 6CA095AD2275799E000ECEF1 /* HorizontalSnappingController.swift */; };
		6CA095B022757D1D000ECEF1 /* SnappingLayout.swift in Sources */ = {isa = PBXBuildFile; fileRef = 6CA095AF22757D1D000ECEF1 /* SnappingLayout.swift */; };
		6CA095B32275938D000ECEF1 /* AppDetailController.swift in Sources */ = {isa = PBXBuildFile; fileRef = 6CA095B22275938D000ECEF1 /* AppDetailController.swift */; };
		6CA095B5227595FB000ECEF1 /* AppDetailControllerDataSource.swift in Sources */ = {isa = PBXBuildFile; fileRef = 6CA095B4227595FB000ECEF1 /* AppDetailControllerDataSource.swift */; };
		6CA095B722759853000ECEF1 /* AppDetailCell.swift in Sources */ = {isa = PBXBuildFile; fileRef = 6CA095B622759853000ECEF1 /* AppDetailCell.swift */; };
		6CA095B922759B10000ECEF1 /* UIStackView+Extension.swift in Sources */ = {isa = PBXBuildFile; fileRef = 6CA095B822759B10000ECEF1 /* UIStackView+Extension.swift */; };
		6CA095BB2275A202000ECEF1 /* PreviewCell.swift in Sources */ = {isa = PBXBuildFile; fileRef = 6CA095BA2275A202000ECEF1 /* PreviewCell.swift */; };
		6CA095BD2275A36A000ECEF1 /* PreviewScreenshotController.swift in Sources */ = {isa = PBXBuildFile; fileRef = 6CA095BC2275A36A000ECEF1 /* PreviewScreenshotController.swift */; };
		6CA095BF2275A7B6000ECEF1 /* PreviewScreenshotDataSource.swift in Sources */ = {isa = PBXBuildFile; fileRef = 6CA095BE2275A7B6000ECEF1 /* PreviewScreenshotDataSource.swift */; };
		6CA095C12275A881000ECEF1 /* ScreenshotCell.swift in Sources */ = {isa = PBXBuildFile; fileRef = 6CA095C02275A881000ECEF1 /* ScreenshotCell.swift */; };
		6CA095C82275AF24000ECEF1 /* ReviewRowCell.swift in Sources */ = {isa = PBXBuildFile; fileRef = 6CA095C72275AF24000ECEF1 /* ReviewRowCell.swift */; };
		6CA095CA2275B0B4000ECEF1 /* ReviewsController.swift in Sources */ = {isa = PBXBuildFile; fileRef = 6CA095C92275B0B4000ECEF1 /* ReviewsController.swift */; };
		6CA095CC2275B0C0000ECEF1 /* ReviewControllerDataSource.swift in Sources */ = {isa = PBXBuildFile; fileRef = 6CA095CB2275B0C0000ECEF1 /* ReviewControllerDataSource.swift */; };
		6CA095CE2275B324000ECEF1 /* ReviewCell.swift in Sources */ = {isa = PBXBuildFile; fileRef = 6CA095CD2275B324000ECEF1 /* ReviewCell.swift */; };
		6CA095D02275B8A0000ECEF1 /* Review.swift in Sources */ = {isa = PBXBuildFile; fileRef = 6CA095CF2275B8A0000ECEF1 /* Review.swift */; };
		6CB9AC1A227813A0003C9BC0 /* TodayMultipleAppCell.swift in Sources */ = {isa = PBXBuildFile; fileRef = 6CB9AC19227813A0003C9BC0 /* TodayMultipleAppCell.swift */; };
		6CB9AC1C227814E6003C9BC0 /* TodayControllerDataSource.swift in Sources */ = {isa = PBXBuildFile; fileRef = 6CB9AC1B227814E6003C9BC0 /* TodayControllerDataSource.swift */; };
		6CB9AC1E227815AA003C9BC0 /* TodayMultipleAppController.swift in Sources */ = {isa = PBXBuildFile; fileRef = 6CB9AC1D227815AA003C9BC0 /* TodayMultipleAppController.swift */; };
		6CB9AC20227815E1003C9BC0 /* TodayMultipleAppDataSource.swift in Sources */ = {isa = PBXBuildFile; fileRef = 6CB9AC1F227815E1003C9BC0 /* TodayMultipleAppDataSource.swift */; };
		6CB9AC22227817B5003C9BC0 /* MultipleAppCell.swift in Sources */ = {isa = PBXBuildFile; fileRef = 6CB9AC21227817B5003C9BC0 /* MultipleAppCell.swift */; };
		6CD11FC5227160A300367C9D /* AppDelegate.swift in Sources */ = {isa = PBXBuildFile; fileRef = 6CD11FC4227160A300367C9D /* AppDelegate.swift */; };
		6CD11FCA227160A300367C9D /* Main.storyboard in Resources */ = {isa = PBXBuildFile; fileRef = 6CD11FC8227160A300367C9D /* Main.storyboard */; };
		6CD11FCC227160A600367C9D /* Assets.xcassets in Resources */ = {isa = PBXBuildFile; fileRef = 6CD11FCB227160A600367C9D /* Assets.xcassets */; };
		6CD11FCF227160A600367C9D /* LaunchScreen.storyboard in Resources */ = {isa = PBXBuildFile; fileRef = 6CD11FCD227160A600367C9D /* LaunchScreen.storyboard */; };
		6CD11FD72271616A00367C9D /* BaseTabBarController.swift in Sources */ = {isa = PBXBuildFile; fileRef = 6CD11FD62271616A00367C9D /* BaseTabBarController.swift */; };
		6CD11FDA22716B5400367C9D /* AppsSearchController.swift in Sources */ = {isa = PBXBuildFile; fileRef = 6CD11FD922716B5400367C9D /* AppsSearchController.swift */; };
		6CD11FDD22716F9F00367C9D /* SearchResultCell.swift in Sources */ = {isa = PBXBuildFile; fileRef = 6CD11FDC22716F9F00367C9D /* SearchResultCell.swift */; };
		6CD11FE022717E4A00367C9D /* UIView+Layout.swift in Sources */ = {isa = PBXBuildFile; fileRef = 6CD11FDF22717E4A00367C9D /* UIView+Layout.swift */; };
		6CD11FE22271813600367C9D /* VerticalStackView.swift in Sources */ = {isa = PBXBuildFile; fileRef = 6CD11FE12271813600367C9D /* VerticalStackView.swift */; };
		6CD11FE4227189E100367C9D /* JSONDecoder-Remote.swift in Sources */ = {isa = PBXBuildFile; fileRef = 6CD11FE3227189E100367C9D /* JSONDecoder-Remote.swift */; };
		6CD11FE622718AB600367C9D /* SearchResult.swift in Sources */ = {isa = PBXBuildFile; fileRef = 6CD11FE522718AB600367C9D /* SearchResult.swift */; };
		6CD11FEB2271911E00367C9D /* SearchResultDataSource.swift in Sources */ = {isa = PBXBuildFile; fileRef = 6CD11FEA2271911E00367C9D /* SearchResultDataSource.swift */; };
		6CD641122273E79B004C12AF /* AppsPageHeader.swift in Sources */ = {isa = PBXBuildFile; fileRef = 6CD641112273E79B004C12AF /* AppsPageHeader.swift */; };
		6CD641142273EC51004C12AF /* AppsHeaderHorizontalController.swift in Sources */ = {isa = PBXBuildFile; fileRef = 6CD641132273EC51004C12AF /* AppsHeaderHorizontalController.swift */; };
		6CD641162273F616004C12AF /* AppsHeaderControllerDataSource.swift in Sources */ = {isa = PBXBuildFile; fileRef = 6CD641152273F616004C12AF /* AppsHeaderControllerDataSource.swift */; };
		6CD641182273FA0D004C12AF /* AppHeaderCell.swift in Sources */ = {isa = PBXBuildFile; fileRef = 6CD641172273FA0D004C12AF /* AppHeaderCell.swift */; };
		6CD6411A22740A3F004C12AF /* AppGroup.swift in Sources */ = {isa = PBXBuildFile; fileRef = 6CD6411922740A3F004C12AF /* AppGroup.swift */; };
		6CF580202272A92600931FF6 /* AppsPageController.swift in Sources */ = {isa = PBXBuildFile; fileRef = 6CF5801F2272A92600931FF6 /* AppsPageController.swift */; };
		6CF580222272AA1C00931FF6 /* BaseListController.swift in Sources */ = {isa = PBXBuildFile; fileRef = 6CF580212272AA1C00931FF6 /* BaseListController.swift */; };
		6CF580252272AB1D00931FF6 /* AppsPageDataSource.swift in Sources */ = {isa = PBXBuildFile; fileRef = 6CF580242272AB1D00931FF6 /* AppsPageDataSource.swift */; };
		6CF580272272AC3900931FF6 /* AppsGroupCell.swift in Sources */ = {isa = PBXBuildFile; fileRef = 6CF580262272AC3900931FF6 /* AppsGroupCell.swift */; };
		6CF580292272AECE00931FF6 /* UILabel+Extension.swift in Sources */ = {isa = PBXBuildFile; fileRef = 6CF580282272AECE00931FF6 /* UILabel+Extension.swift */; };
		6CF5802B2272B10B00931FF6 /* AppsHorizontalController.swift in Sources */ = {isa = PBXBuildFile; fileRef = 6CF5802A2272B10B00931FF6 /* AppsHorizontalController.swift */; };
		6CF5802D2272B98800931FF6 /* AppsHorizontalDataSource.swift in Sources */ = {isa = PBXBuildFile; fileRef = 6CF5802C2272B98800931FF6 /* AppsHorizontalDataSource.swift */; };
		6CF5802F227311F200931FF6 /* AppRowCell.swift in Sources */ = {isa = PBXBuildFile; fileRef = 6CF5802E227311F200931FF6 /* AppRowCell.swift */; };
		6CF580312273136A00931FF6 /* UIImageView+Extension.swift in Sources */ = {isa = PBXBuildFile; fileRef = 6CF580302273136A00931FF6 /* UIImageView+Extension.swift */; };
		6CF580332273149100931FF6 /* UIButton+Extension.swift in Sources */ = {isa = PBXBuildFile; fileRef = 6CF580322273149100931FF6 /* UIButton+Extension.swift */; };
/* End PBXBuildFile section */

/* Begin PBXFileReference section */
		4240614B9888FB348F621AD1 /* Pods_MyAppStore.framework */ = {isa = PBXFileReference; explicitFileType = wrapper.framework; includeInIndex = 0; path = Pods_MyAppStore.framework; sourceTree = BUILT_PRODUCTS_DIR; };
		6C351ACC2276B28A0050689C /* TodayController.swift */ = {isa = PBXFileReference; lastKnownFileType = sourcecode.swift; path = TodayController.swift; sourceTree = "<group>"; };
		6C351AD02276B5250050689C /* TodayCell.swift */ = {isa = PBXFileReference; lastKnownFileType = sourcecode.swift; path = TodayCell.swift; sourceTree = "<group>"; };
		6C351AD22276C0C00050689C /* AppFullScreenController.swift */ = {isa = PBXFileReference; lastKnownFileType = sourcecode.swift; path = AppFullScreenController.swift; sourceTree = "<group>"; };
		6C351AD42276C1320050689C /* AppFullScreenDataSource.swift */ = {isa = PBXFileReference; lastKnownFileType = sourcecode.swift; path = AppFullScreenDataSource.swift; sourceTree = "<group>"; };
		6C351AD62276C4960050689C /* AppFullScreenDescriptionCell.swift */ = {isa = PBXFileReference; lastKnownFileType = sourcecode.swift; path = AppFullScreenDescriptionCell.swift; sourceTree = "<group>"; };
		6C351AD82276CD940050689C /* AppFullScreenHeaderCell.swift */ = {isa = PBXFileReference; lastKnownFileType = sourcecode.swift; path = AppFullScreenHeaderCell.swift; sourceTree = "<group>"; };
		6C351ADA2276E8A10050689C /* UIViewController+Extension.swift */ = {isa = PBXFileReference; lastKnownFileType = sourcecode.swift; path = "UIViewController+Extension.swift"; sourceTree = "<group>"; };
		6C57108E2277E3B30042DD50 /* TodayItem.swift */ = {isa = PBXFileReference; lastKnownFileType = sourcecode.swift; path = TodayItem.swift; sourceTree = "<group>"; };
		6C57109222780EBD0042DD50 /* BaseTodayCell.swift */ = {isa = PBXFileReference; lastKnownFileType = sourcecode.swift; path = BaseTodayCell.swift; sourceTree = "<group>"; };
		6C6A94E72279B235007FD3C7 /* BackEnabledNavController.swift */ = {isa = PBXFileReference; lastKnownFileType = sourcecode.swift; path = BackEnabledNavController.swift; sourceTree = "<group>"; };
		6CA095AB2275710E000ECEF1 /* SocialApp.swift */ = {isa = PBXFileReference; lastKnownFileType = sourcecode.swift; path = SocialApp.swift; sourceTree = "<group>"; };
		6CA095AD2275799E000ECEF1 /* HorizontalSnappingController.swift */ = {isa = PBXFileReference; lastKnownFileType = sourcecode.swift; path = HorizontalSnappingController.swift; sourceTree = "<group>"; };
		6CA095AF22757D1D000ECEF1 /* SnappingLayout.swift */ = {isa = PBXFileReference; lastKnownFileType = sourcecode.swift; path = SnappingLayout.swift; sourceTree = "<group>"; };
		6CA095B22275938D000ECEF1 /* AppDetailController.swift */ = {isa = PBXFileReference; lastKnownFileType = sourcecode.swift; path = AppDetailController.swift; sourceTree = "<group>"; };
		6CA095B4227595FB000ECEF1 /* AppDetailControllerDataSource.swift */ = {isa = PBXFileReference; lastKnownFileType = sourcecode.swift; path = AppDetailControllerDataSource.swift; sourceTree = "<group>"; };
		6CA095B622759853000ECEF1 /* AppDetailCell.swift */ = {isa = PBXFileReference; lastKnownFileType = sourcecode.swift; path = AppDetailCell.swift; sourceTree = "<group>"; };
		6CA095B822759B10000ECEF1 /* UIStackView+Extension.swift */ = {isa = PBXFileReference; lastKnownFileType = sourcecode.swift; path = "UIStackView+Extension.swift"; sourceTree = "<group>"; };
		6CA095BA2275A202000ECEF1 /* PreviewCell.swift */ = {isa = PBXFileReference; lastKnownFileType = sourcecode.swift; path = PreviewCell.swift; sourceTree = "<group>"; };
		6CA095BC2275A36A000ECEF1 /* PreviewScreenshotController.swift */ = {isa = PBXFileReference; lastKnownFileType = sourcecode.swift; path = PreviewScreenshotController.swift; sourceTree = "<group>"; };
		6CA095BE2275A7B6000ECEF1 /* PreviewScreenshotDataSource.swift */ = {isa = PBXFileReference; lastKnownFileType = sourcecode.swift; path = PreviewScreenshotDataSource.swift; sourceTree = "<group>"; };
		6CA095C02275A881000ECEF1 /* ScreenshotCell.swift */ = {isa = PBXFileReference; lastKnownFileType = sourcecode.swift; path = ScreenshotCell.swift; sourceTree = "<group>"; };
		6CA095C72275AF24000ECEF1 /* ReviewRowCell.swift */ = {isa = PBXFileReference; lastKnownFileType = sourcecode.swift; path = ReviewRowCell.swift; sourceTree = "<group>"; };
		6CA095C92275B0B4000ECEF1 /* ReviewsController.swift */ = {isa = PBXFileReference; lastKnownFileType = sourcecode.swift; path = ReviewsController.swift; sourceTree = "<group>"; };
		6CA095CB2275B0C0000ECEF1 /* ReviewControllerDataSource.swift */ = {isa = PBXFileReference; lastKnownFileType = sourcecode.swift; path = ReviewControllerDataSource.swift; sourceTree = "<group>"; };
		6CA095CD2275B324000ECEF1 /* ReviewCell.swift */ = {isa = PBXFileReference; lastKnownFileType = sourcecode.swift; path = ReviewCell.swift; sourceTree = "<group>"; };
		6CA095CF2275B8A0000ECEF1 /* Review.swift */ = {isa = PBXFileReference; lastKnownFileType = sourcecode.swift; path = Review.swift; sourceTree = "<group>"; };
		6CB9AC19227813A0003C9BC0 /* TodayMultipleAppCell.swift */ = {isa = PBXFileReference; lastKnownFileType = sourcecode.swift; path = TodayMultipleAppCell.swift; sourceTree = "<group>"; };
		6CB9AC1B227814E6003C9BC0 /* TodayControllerDataSource.swift */ = {isa = PBXFileReference; lastKnownFileType = sourcecode.swift; path = TodayControllerDataSource.swift; sourceTree = "<group>"; };
		6CB9AC1D227815AA003C9BC0 /* TodayMultipleAppController.swift */ = {isa = PBXFileReference; lastKnownFileType = sourcecode.swift; path = TodayMultipleAppController.swift; sourceTree = "<group>"; };
		6CB9AC1F227815E1003C9BC0 /* TodayMultipleAppDataSource.swift */ = {isa = PBXFileReference; lastKnownFileType = sourcecode.swift; path = TodayMultipleAppDataSource.swift; sourceTree = "<group>"; };
		6CB9AC21227817B5003C9BC0 /* MultipleAppCell.swift */ = {isa = PBXFileReference; lastKnownFileType = sourcecode.swift; path = MultipleAppCell.swift; sourceTree = "<group>"; };
		6CD11FC1227160A300367C9D /* MyAppStore.app */ = {isa = PBXFileReference; explicitFileType = wrapper.application; includeInIndex = 0; path = MyAppStore.app; sourceTree = BUILT_PRODUCTS_DIR; };
		6CD11FC4227160A300367C9D /* AppDelegate.swift */ = {isa = PBXFileReference; lastKnownFileType = sourcecode.swift; path = AppDelegate.swift; sourceTree = "<group>"; };
		6CD11FC9227160A300367C9D /* Base */ = {isa = PBXFileReference; lastKnownFileType = file.storyboard; name = Base; path = Base.lproj/Main.storyboard; sourceTree = "<group>"; };
		6CD11FCB227160A600367C9D /* Assets.xcassets */ = {isa = PBXFileReference; lastKnownFileType = folder.assetcatalog; path = Assets.xcassets; sourceTree = "<group>"; };
		6CD11FCE227160A600367C9D /* Base */ = {isa = PBXFileReference; lastKnownFileType = file.storyboard; name = Base; path = Base.lproj/LaunchScreen.storyboard; sourceTree = "<group>"; };
		6CD11FD0227160A600367C9D /* Info.plist */ = {isa = PBXFileReference; lastKnownFileType = text.plist.xml; path = Info.plist; sourceTree = "<group>"; };
		6CD11FD62271616A00367C9D /* BaseTabBarController.swift */ = {isa = PBXFileReference; lastKnownFileType = sourcecode.swift; path = BaseTabBarController.swift; sourceTree = "<group>"; };
		6CD11FD922716B5400367C9D /* AppsSearchController.swift */ = {isa = PBXFileReference; lastKnownFileType = sourcecode.swift; path = AppsSearchController.swift; sourceTree = "<group>"; };
		6CD11FDC22716F9F00367C9D /* SearchResultCell.swift */ = {isa = PBXFileReference; lastKnownFileType = sourcecode.swift; path = SearchResultCell.swift; sourceTree = "<group>"; };
		6CD11FDF22717E4A00367C9D /* UIView+Layout.swift */ = {isa = PBXFileReference; fileEncoding = 4; lastKnownFileType = sourcecode.swift; path = "UIView+Layout.swift"; sourceTree = "<group>"; };
		6CD11FE12271813600367C9D /* VerticalStackView.swift */ = {isa = PBXFileReference; lastKnownFileType = sourcecode.swift; path = VerticalStackView.swift; sourceTree = "<group>"; };
		6CD11FE3227189E100367C9D /* JSONDecoder-Remote.swift */ = {isa = PBXFileReference; fileEncoding = 4; lastKnownFileType = sourcecode.swift; path = "JSONDecoder-Remote.swift"; sourceTree = "<group>"; };
		6CD11FE522718AB600367C9D /* SearchResult.swift */ = {isa = PBXFileReference; lastKnownFileType = sourcecode.swift; path = SearchResult.swift; sourceTree = "<group>"; };
		6CD11FEA2271911E00367C9D /* SearchResultDataSource.swift */ = {isa = PBXFileReference; lastKnownFileType = sourcecode.swift; path = SearchResultDataSource.swift; sourceTree = "<group>"; };
		6CD641112273E79B004C12AF /* AppsPageHeader.swift */ = {isa = PBXFileReference; lastKnownFileType = sourcecode.swift; path = AppsPageHeader.swift; sourceTree = "<group>"; };
		6CD641132273EC51004C12AF /* AppsHeaderHorizontalController.swift */ = {isa = PBXFileReference; lastKnownFileType = sourcecode.swift; path = AppsHeaderHorizontalController.swift; sourceTree = "<group>"; };
		6CD641152273F616004C12AF /* AppsHeaderControllerDataSource.swift */ = {isa = PBXFileReference; lastKnownFileType = sourcecode.swift; path = AppsHeaderControllerDataSource.swift; sourceTree = "<group>"; };
		6CD641172273FA0D004C12AF /* AppHeaderCell.swift */ = {isa = PBXFileReference; lastKnownFileType = sourcecode.swift; path = AppHeaderCell.swift; sourceTree = "<group>"; };
		6CD6411922740A3F004C12AF /* AppGroup.swift */ = {isa = PBXFileReference; lastKnownFileType = sourcecode.swift; path = AppGroup.swift; sourceTree = "<group>"; };
		6CF5801F2272A92600931FF6 /* AppsPageController.swift */ = {isa = PBXFileReference; lastKnownFileType = sourcecode.swift; path = AppsPageController.swift; sourceTree = "<group>"; };
		6CF580212272AA1C00931FF6 /* BaseListController.swift */ = {isa = PBXFileReference; lastKnownFileType = sourcecode.swift; path = BaseListController.swift; sourceTree = "<group>"; };
		6CF580242272AB1D00931FF6 /* AppsPageDataSource.swift */ = {isa = PBXFileReference; lastKnownFileType = sourcecode.swift; path = AppsPageDataSource.swift; sourceTree = "<group>"; };
		6CF580262272AC3900931FF6 /* AppsGroupCell.swift */ = {isa = PBXFileReference; lastKnownFileType = sourcecode.swift; path = AppsGroupCell.swift; sourceTree = "<group>"; };
		6CF580282272AECE00931FF6 /* UILabel+Extension.swift */ = {isa = PBXFileReference; lastKnownFileType = sourcecode.swift; path = "UILabel+Extension.swift"; sourceTree = "<group>"; };
		6CF5802A2272B10B00931FF6 /* AppsHorizontalController.swift */ = {isa = PBXFileReference; lastKnownFileType = sourcecode.swift; path = AppsHorizontalController.swift; sourceTree = "<group>"; };
		6CF5802C2272B98800931FF6 /* AppsHorizontalDataSource.swift */ = {isa = PBXFileReference; lastKnownFileType = sourcecode.swift; path = AppsHorizontalDataSource.swift; sourceTree = "<group>"; };
		6CF5802E227311F200931FF6 /* AppRowCell.swift */ = {isa = PBXFileReference; lastKnownFileType = sourcecode.swift; path = AppRowCell.swift; sourceTree = "<group>"; };
		6CF580302273136A00931FF6 /* UIImageView+Extension.swift */ = {isa = PBXFileReference; lastKnownFileType = sourcecode.swift; path = "UIImageView+Extension.swift"; sourceTree = "<group>"; };
		6CF580322273149100931FF6 /* UIButton+Extension.swift */ = {isa = PBXFileReference; lastKnownFileType = sourcecode.swift; path = "UIButton+Extension.swift"; sourceTree = "<group>"; };
		DC9C1D2F911B2788D971A9A1 /* Pods-MyAppStore.debug.xcconfig */ = {isa = PBXFileReference; includeInIndex = 1; lastKnownFileType = text.xcconfig; name = "Pods-MyAppStore.debug.xcconfig"; path = "Pods/Target Support Files/Pods-MyAppStore/Pods-MyAppStore.debug.xcconfig"; sourceTree = "<group>"; };
		E8280CBBE31FE23FF99777D3 /* Pods-MyAppStore.release.xcconfig */ = {isa = PBXFileReference; includeInIndex = 1; lastKnownFileType = text.xcconfig; name = "Pods-MyAppStore.release.xcconfig"; path = "Pods/Target Support Files/Pods-MyAppStore/Pods-MyAppStore.release.xcconfig"; sourceTree = "<group>"; };
/* End PBXFileReference section */

/* Begin PBXFrameworksBuildPhase section */
		6CD11FBE227160A300367C9D /* Frameworks */ = {
			isa = PBXFrameworksBuildPhase;
			buildActionMask = 2147483647;
			files = (
				4DC10257E1D9984A058FA42D /* Pods_MyAppStore.framework in Frameworks */,
			);
			runOnlyForDeploymentPostprocessing = 0;
		};
/* End PBXFrameworksBuildPhase section */

/* Begin PBXGroup section */
		6C351ACA2276B2670050689C /* Today */ = {
			isa = PBXGroup;
			children = (
				6C351ACC2276B28A0050689C /* TodayController.swift */,
				6CB9AC1B227814E6003C9BC0 /* TodayControllerDataSource.swift */,
				6CB9AC1D227815AA003C9BC0 /* TodayMultipleAppController.swift */,
				6CB9AC1F227815E1003C9BC0 /* TodayMultipleAppDataSource.swift */,
				6C351AD22276C0C00050689C /* AppFullScreenController.swift */,
				6C351AD42276C1320050689C /* AppFullScreenDataSource.swift */,
				6C6A94E72279B235007FD3C7 /* BackEnabledNavController.swift */,
			);
			path = Today;
			sourceTree = "<group>";
		};
		6C351ACB2276B2720050689C /* Today */ = {
			isa = PBXGroup;
			children = (
				6C351AD02276B5250050689C /* TodayCell.swift */,
				6C351AD62276C4960050689C /* AppFullScreenDescriptionCell.swift */,
				6C351AD82276CD940050689C /* AppFullScreenHeaderCell.swift */,
				6CB9AC19227813A0003C9BC0 /* TodayMultipleAppCell.swift */,
				6CB9AC21227817B5003C9BC0 /* MultipleAppCell.swift */,
				6C57109222780EBD0042DD50 /* BaseTodayCell.swift */,
			);
			path = Today;
			sourceTree = "<group>";
		};
		6CA095B12275936A000ECEF1 /* App Detail */ = {
			isa = PBXGroup;
			children = (
				6CA095B22275938D000ECEF1 /* AppDetailController.swift */,
				6CA095B4227595FB000ECEF1 /* AppDetailControllerDataSource.swift */,
				6CA095BC2275A36A000ECEF1 /* PreviewScreenshotController.swift */,
				6CA095BE2275A7B6000ECEF1 /* PreviewScreenshotDataSource.swift */,
				6CA095C92275B0B4000ECEF1 /* ReviewsController.swift */,
				6CA095CB2275B0C0000ECEF1 /* ReviewControllerDataSource.swift */,
			);
			path = "App Detail";
			sourceTree = "<group>";
		};
		6CA095C22275ADBF000ECEF1 /* App Detail */ = {
			isa = PBXGroup;
			children = (
				6CA095B622759853000ECEF1 /* AppDetailCell.swift */,
				6CA095C02275A881000ECEF1 /* ScreenshotCell.swift */,
				6CA095BA2275A202000ECEF1 /* PreviewCell.swift */,
				6CA095CD2275B324000ECEF1 /* ReviewCell.swift */,
				6CA095C72275AF24000ECEF1 /* ReviewRowCell.swift */,
			);
			path = "App Detail";
			sourceTree = "<group>";
		};
		6CA095C32275ADD1000ECEF1 /* Search */ = {
			isa = PBXGroup;
			children = (
				6CD11FDC22716F9F00367C9D /* SearchResultCell.swift */,
			);
			path = Search;
			sourceTree = "<group>";
		};
		6CA095C42275ADE5000ECEF1 /* Apps */ = {
			isa = PBXGroup;
			children = (
				6CF580262272AC3900931FF6 /* AppsGroupCell.swift */,
				6CD641172273FA0D004C12AF /* AppHeaderCell.swift */,
				6CF5802E227311F200931FF6 /* AppRowCell.swift */,
			);
			path = Apps;
			sourceTree = "<group>";
		};
		6CD11FB8227160A300367C9D = {
			isa = PBXGroup;
			children = (
				6CD11FC3227160A300367C9D /* MyAppStore */,
				6CD11FC2227160A300367C9D /* Products */,
				7D0F810CDBCC9384143054B6 /* Pods */,
				6EDA1C014173AC48EF519456 /* Frameworks */,
			);
			sourceTree = "<group>";
		};
		6CD11FC2227160A300367C9D /* Products */ = {
			isa = PBXGroup;
			children = (
				6CD11FC1227160A300367C9D /* MyAppStore.app */,
			);
			name = Products;
			sourceTree = "<group>";
		};
		6CD11FC3227160A300367C9D /* MyAppStore */ = {
			isa = PBXGroup;
			children = (
				6CD11FC4227160A300367C9D /* AppDelegate.swift */,
				6CD11FE922718CF800367C9D /* Model */,
				6CD11FDE22717E3100367C9D /* Helpers */,
				6CD11FDB22716F6600367C9D /* Views */,
				6CD11FD822716B3200367C9D /* Controller */,
				6CD11FC8227160A300367C9D /* Main.storyboard */,
				6CD11FCB227160A600367C9D /* Assets.xcassets */,
				6CD11FCD227160A600367C9D /* LaunchScreen.storyboard */,
				6CD11FD0227160A600367C9D /* Info.plist */,
			);
			path = MyAppStore;
			sourceTree = "<group>";
		};
		6CD11FD822716B3200367C9D /* Controller */ = {
			isa = PBXGroup;
			children = (
				6C351ACA2276B2670050689C /* Today */,
				6CA095B12275936A000ECEF1 /* App Detail */,
				6CF580232272AAE300931FF6 /* Search */,
				6CF5801E2272A90100931FF6 /* Apps */,
				6CD11FD62271616A00367C9D /* BaseTabBarController.swift */,
				6CF580212272AA1C00931FF6 /* BaseListController.swift */,
				6CA095AD2275799E000ECEF1 /* HorizontalSnappingController.swift */,
			);
			path = Controller;
			sourceTree = "<group>";
		};
		6CD11FDB22716F6600367C9D /* Views */ = {
			isa = PBXGroup;
			children = (
				6C351ACB2276B2720050689C /* Today */,
				6CA095C42275ADE5000ECEF1 /* Apps */,
				6CA095C22275ADBF000ECEF1 /* App Detail */,
				6CA095C32275ADD1000ECEF1 /* Search */,
			);
			path = Views;
			sourceTree = "<group>";
		};
		6CD11FDE22717E3100367C9D /* Helpers */ = {
			isa = PBXGroup;
			children = (
				6CD11FE3227189E100367C9D /* JSONDecoder-Remote.swift */,
				6CD11FDF22717E4A00367C9D /* UIView+Layout.swift */,
				6CD11FE12271813600367C9D /* VerticalStackView.swift */,
				6CF580282272AECE00931FF6 /* UILabel+Extension.swift */,
				6CF580302273136A00931FF6 /* UIImageView+Extension.swift */,
				6CA095B822759B10000ECEF1 /* UIStackView+Extension.swift */,
				6CF580322273149100931FF6 /* UIButton+Extension.swift */,
				6CA095AF22757D1D000ECEF1 /* SnappingLayout.swift */,
				6C351ADA2276E8A10050689C /* UIViewController+Extension.swift */,
			);
			path = Helpers;
			sourceTree = "<group>";
		};
		6CD11FE922718CF800367C9D /* Model */ = {
			isa = PBXGroup;
			children = (
				6CD11FE522718AB600367C9D /* SearchResult.swift */,
				6CD6411922740A3F004C12AF /* AppGroup.swift */,
				6CA095AB2275710E000ECEF1 /* SocialApp.swift */,
				6CA095CF2275B8A0000ECEF1 /* Review.swift */,
				6C57108E2277E3B30042DD50 /* TodayItem.swift */,
			);
			path = Model;
			sourceTree = "<group>";
		};
		6CF5801E2272A90100931FF6 /* Apps */ = {
			isa = PBXGroup;
			children = (
				6CD641112273E79B004C12AF /* AppsPageHeader.swift */,
				6CD641132273EC51004C12AF /* AppsHeaderHorizontalController.swift */,
				6CD641152273F616004C12AF /* AppsHeaderControllerDataSource.swift */,
				6CF5801F2272A92600931FF6 /* AppsPageController.swift */,
				6CF580242272AB1D00931FF6 /* AppsPageDataSource.swift */,
				6CF5802A2272B10B00931FF6 /* AppsHorizontalController.swift */,
				6CF5802C2272B98800931FF6 /* AppsHorizontalDataSource.swift */,
			);
			path = Apps;
			sourceTree = "<group>";
		};
		6CF580232272AAE300931FF6 /* Search */ = {
			isa = PBXGroup;
			children = (
				6CD11FD922716B5400367C9D /* AppsSearchController.swift */,
				6CD11FEA2271911E00367C9D /* SearchResultDataSource.swift */,
			);
			path = Search;
			sourceTree = "<group>";
		};
		6EDA1C014173AC48EF519456 /* Frameworks */ = {
			isa = PBXGroup;
			children = (
				4240614B9888FB348F621AD1 /* Pods_MyAppStore.framework */,
			);
			name = Frameworks;
			sourceTree = "<group>";
		};
		7D0F810CDBCC9384143054B6 /* Pods */ = {
			isa = PBXGroup;
			children = (
				DC9C1D2F911B2788D971A9A1 /* Pods-MyAppStore.debug.xcconfig */,
				E8280CBBE31FE23FF99777D3 /* Pods-MyAppStore.release.xcconfig */,
			);
			name = Pods;
			sourceTree = "<group>";
		};
/* End PBXGroup section */

/* Begin PBXNativeTarget section */
		6CD11FC0227160A300367C9D /* MyAppStore */ = {
			isa = PBXNativeTarget;
			buildConfigurationList = 6CD11FD3227160A600367C9D /* Build configuration list for PBXNativeTarget "MyAppStore" */;
			buildPhases = (
				81DC95BBF7D4B0D93F1B6BC5 /* [CP] Check Pods Manifest.lock */,
				6CD11FBD227160A300367C9D /* Sources */,
				6CD11FBE227160A300367C9D /* Frameworks */,
				6CD11FBF227160A300367C9D /* Resources */,
				0C363A0D946B4CDBE40FDD20 /* [CP] Embed Pods Frameworks */,
			);
			buildRules = (
			);
			dependencies = (
			);
			name = MyAppStore;
			productName = MyAppStore;
			productReference = 6CD11FC1227160A300367C9D /* MyAppStore.app */;
			productType = "com.apple.product-type.application";
		};
/* End PBXNativeTarget section */

/* Begin PBXProject section */
		6CD11FB9227160A300367C9D /* Project object */ = {
			isa = PBXProject;
			attributes = {
				LastSwiftUpdateCheck = 1020;
				LastUpgradeCheck = 1020;
				ORGANIZATIONNAME = Appdelight;
				TargetAttributes = {
					6CD11FC0227160A300367C9D = {
						CreatedOnToolsVersion = 10.2.1;
					};
				};
			};
			buildConfigurationList = 6CD11FBC227160A300367C9D /* Build configuration list for PBXProject "MyAppStore" */;
			compatibilityVersion = "Xcode 9.3";
			developmentRegion = en;
			hasScannedForEncodings = 0;
			knownRegions = (
				en,
				Base,
			);
			mainGroup = 6CD11FB8227160A300367C9D;
			productRefGroup = 6CD11FC2227160A300367C9D /* Products */;
			projectDirPath = "";
			projectRoot = "";
			targets = (
				6CD11FC0227160A300367C9D /* MyAppStore */,
			);
		};
/* End PBXProject section */

/* Begin PBXResourcesBuildPhase section */
		6CD11FBF227160A300367C9D /* Resources */ = {
			isa = PBXResourcesBuildPhase;
			buildActionMask = 2147483647;
			files = (
				6CD11FCF227160A600367C9D /* LaunchScreen.storyboard in Resources */,
				6CD11FCC227160A600367C9D /* Assets.xcassets in Resources */,
				6CD11FCA227160A300367C9D /* Main.storyboard in Resources */,
			);
			runOnlyForDeploymentPostprocessing = 0;
		};
/* End PBXResourcesBuildPhase section */

/* Begin PBXShellScriptBuildPhase section */
		0C363A0D946B4CDBE40FDD20 /* [CP] Embed Pods Frameworks */ = {
			isa = PBXShellScriptBuildPhase;
			buildActionMask = 2147483647;
			files = (
			);
			inputPaths = (
				"${SRCROOT}/Pods/Target Support Files/Pods-MyAppStore/Pods-MyAppStore-frameworks.sh",
				"${BUILT_PRODUCTS_DIR}/SDWebImage/SDWebImage.framework",
			);
			name = "[CP] Embed Pods Frameworks";
			outputPaths = (
				"${TARGET_BUILD_DIR}/${FRAMEWORKS_FOLDER_PATH}/SDWebImage.framework",
			);
			runOnlyForDeploymentPostprocessing = 0;
			shellPath = /bin/sh;
			shellScript = "\"${SRCROOT}/Pods/Target Support Files/Pods-MyAppStore/Pods-MyAppStore-frameworks.sh\"\n";
			showEnvVarsInLog = 0;
		};
		81DC95BBF7D4B0D93F1B6BC5 /* [CP] Check Pods Manifest.lock */ = {
			isa = PBXShellScriptBuildPhase;
			buildActionMask = 2147483647;
			files = (
			);
			inputPaths = (
				"${PODS_PODFILE_DIR_PATH}/Podfile.lock",
				"${PODS_ROOT}/Manifest.lock",
			);
			name = "[CP] Check Pods Manifest.lock";
			outputPaths = (
				"$(DERIVED_FILE_DIR)/Pods-MyAppStore-checkManifestLockResult.txt",
			);
			runOnlyForDeploymentPostprocessing = 0;
			shellPath = /bin/sh;
			shellScript = "diff \"${PODS_PODFILE_DIR_PATH}/Podfile.lock\" \"${PODS_ROOT}/Manifest.lock\" > /dev/null\nif [ $? != 0 ] ; then\n    # print error to STDERR\n    echo \"error: The sandbox is not in sync with the Podfile.lock. Run 'pod install' or update your CocoaPods installation.\" >&2\n    exit 1\nfi\n# This output is used by Xcode 'outputs' to avoid re-running this script phase.\necho \"SUCCESS\" > \"${SCRIPT_OUTPUT_FILE_0}\"\n";
			showEnvVarsInLog = 0;
		};
/* End PBXShellScriptBuildPhase section */

/* Begin PBXSourcesBuildPhase section */
		6CD11FBD227160A300367C9D /* Sources */ = {
			isa = PBXSourcesBuildPhase;
			buildActionMask = 2147483647;
			files = (
				6C351ADB2276E8A10050689C /* UIViewController+Extension.swift in Sources */,
				6C57108F2277E3B30042DD50 /* TodayItem.swift in Sources */,
				6CA095C82275AF24000ECEF1 /* ReviewRowCell.swift in Sources */,
				6CA095B32275938D000ECEF1 /* AppDetailController.swift in Sources */,
				6CF580252272AB1D00931FF6 /* AppsPageDataSource.swift in Sources */,
				6CB9AC1A227813A0003C9BC0 /* TodayMultipleAppCell.swift in Sources */,
				6C351AD92276CD940050689C /* AppFullScreenHeaderCell.swift in Sources */,
				6C351ACD2276B28A0050689C /* TodayController.swift in Sources */,
				6CA095BD2275A36A000ECEF1 /* PreviewScreenshotController.swift in Sources */,
				6CD641162273F616004C12AF /* AppsHeaderControllerDataSource.swift in Sources */,
				6CD11FC5227160A300367C9D /* AppDelegate.swift in Sources */,
				6CA095BF2275A7B6000ECEF1 /* PreviewScreenshotDataSource.swift in Sources */,
				6C351AD12276B5250050689C /* TodayCell.swift in Sources */,
				6C57109322780EBD0042DD50 /* BaseTodayCell.swift in Sources */,
				6CF5802D2272B98800931FF6 /* AppsHorizontalDataSource.swift in Sources */,
				6CA095B022757D1D000ECEF1 /* SnappingLayout.swift in Sources */,
				6CF580202272A92600931FF6 /* AppsPageController.swift in Sources */,
				6C6A94E82279B235007FD3C7 /* BackEnabledNavController.swift in Sources */,
				6CB9AC22227817B5003C9BC0 /* MultipleAppCell.swift in Sources */,
				6CA095CE2275B324000ECEF1 /* ReviewCell.swift in Sources */,
				6CD641142273EC51004C12AF /* AppsHeaderHorizontalController.swift in Sources */,
				6CF580332273149100931FF6 /* UIButton+Extension.swift in Sources */,
				6CA095AE2275799E000ECEF1 /* HorizontalSnappingController.swift in Sources */,
				6CB9AC20227815E1003C9BC0 /* TodayMultipleAppDataSource.swift in Sources */,
				6CA095B722759853000ECEF1 /* AppDetailCell.swift in Sources */,
				6CA095C12275A881000ECEF1 /* ScreenshotCell.swift in Sources */,
				6CD6411A22740A3F004C12AF /* AppGroup.swift in Sources */,
				6CD641182273FA0D004C12AF /* AppHeaderCell.swift in Sources */,
				6CD11FE22271813600367C9D /* VerticalStackView.swift in Sources */,
				6CA095BB2275A202000ECEF1 /* PreviewCell.swift in Sources */,
				6CD11FE622718AB600367C9D /* SearchResult.swift in Sources */,
				6CF5802B2272B10B00931FF6 /* AppsHorizontalController.swift in Sources */,
				6CD11FD72271616A00367C9D /* BaseTabBarController.swift in Sources */,
				6CD11FEB2271911E00367C9D /* SearchResultDataSource.swift in Sources */,
				6CF580272272AC3900931FF6 /* AppsGroupCell.swift in Sources */,
				6C351AD32276C0C00050689C /* AppFullScreenController.swift in Sources */,
				6C351AD52276C1320050689C /* AppFullScreenDataSource.swift in Sources */,
				6CA095D02275B8A0000ECEF1 /* Review.swift in Sources */,
				6CD11FE4227189E100367C9D /* JSONDecoder-Remote.swift in Sources */,
				6CB9AC1C227814E6003C9BC0 /* TodayControllerDataSource.swift in Sources */,
				6CA095B922759B10000ECEF1 /* UIStackView+Extension.swift in Sources */,
				6CD11FDD22716F9F00367C9D /* SearchResultCell.swift in Sources */,
				6CA095AC2275710E000ECEF1 /* SocialApp.swift in Sources */,
				6CD641122273E79B004C12AF /* AppsPageHeader.swift in Sources */,
				6CF580312273136A00931FF6 /* UIImageView+Extension.swift in Sources */,
				6CF580292272AECE00931FF6 /* UILabel+Extension.swift in Sources */,
				6CA095CA2275B0B4000ECEF1 /* ReviewsController.swift in Sources */,
				6CD11FDA22716B5400367C9D /* AppsSearchController.swift in Sources */,
				6CF580222272AA1C00931FF6 /* BaseListController.swift in Sources */,
				6CD11FE022717E4A00367C9D /* UIView+Layout.swift in Sources */,
				6CA095B5227595FB000ECEF1 /* AppDetailControllerDataSource.swift in Sources */,
				6CA095CC2275B0C0000ECEF1 /* ReviewControllerDataSource.swift in Sources */,
				6CF5802F227311F200931FF6 /* AppRowCell.swift in Sources */,
				6C351AD72276C4960050689C /* AppFullScreenDescriptionCell.swift in Sources */,
				6CB9AC1E227815AA003C9BC0 /* TodayMultipleAppController.swift in Sources */,
			);
			runOnlyForDeploymentPostprocessing = 0;
		};
/* End PBXSourcesBuildPhase section */

/* Begin PBXVariantGroup section */
		6CD11FC8227160A300367C9D /* Main.storyboard */ = {
			isa = PBXVariantGroup;
			children = (
				6CD11FC9227160A300367C9D /* Base */,
			);
			name = Main.storyboard;
			sourceTree = "<group>";
		};
		6CD11FCD227160A600367C9D /* LaunchScreen.storyboard */ = {
			isa = PBXVariantGroup;
			children = (
				6CD11FCE227160A600367C9D /* Base */,
			);
			name = LaunchScreen.storyboard;
			sourceTree = "<group>";
		};
/* End PBXVariantGroup section */

/* Begin XCBuildConfiguration section */
		6CD11FD1227160A600367C9D /* Debug */ = {
			isa = XCBuildConfiguration;
			buildSettings = {
				ALWAYS_SEARCH_USER_PATHS = NO;
				CLANG_ANALYZER_NONNULL = YES;
				CLANG_ANALYZER_NUMBER_OBJECT_CONVERSION = YES_AGGRESSIVE;
				CLANG_CXX_LANGUAGE_STANDARD = "gnu++14";
				CLANG_CXX_LIBRARY = "libc++";
				CLANG_ENABLE_MODULES = YES;
				CLANG_ENABLE_OBJC_ARC = YES;
				CLANG_ENABLE_OBJC_WEAK = YES;
				CLANG_WARN_BLOCK_CAPTURE_AUTORELEASING = YES;
				CLANG_WARN_BOOL_CONVERSION = YES;
				CLANG_WARN_COMMA = YES;
				CLANG_WARN_CONSTANT_CONVERSION = YES;
				CLANG_WARN_DEPRECATED_OBJC_IMPLEMENTATIONS = YES;
				CLANG_WARN_DIRECT_OBJC_ISA_USAGE = YES_ERROR;
				CLANG_WARN_DOCUMENTATION_COMMENTS = YES;
				CLANG_WARN_EMPTY_BODY = YES;
				CLANG_WARN_ENUM_CONVERSION = YES;
				CLANG_WARN_INFINITE_RECURSION = YES;
				CLANG_WARN_INT_CONVERSION = YES;
				CLANG_WARN_NON_LITERAL_NULL_CONVERSION = YES;
				CLANG_WARN_OBJC_IMPLICIT_RETAIN_SELF = YES;
				CLANG_WARN_OBJC_LITERAL_CONVERSION = YES;
				CLANG_WARN_OBJC_ROOT_CLASS = YES_ERROR;
				CLANG_WARN_RANGE_LOOP_ANALYSIS = YES;
				CLANG_WARN_STRICT_PROTOTYPES = YES;
				CLANG_WARN_SUSPICIOUS_MOVE = YES;
				CLANG_WARN_UNGUARDED_AVAILABILITY = YES_AGGRESSIVE;
				CLANG_WARN_UNREACHABLE_CODE = YES;
				CLANG_WARN__DUPLICATE_METHOD_MATCH = YES;
				CODE_SIGN_IDENTITY = "iPhone Developer";
				COPY_PHASE_STRIP = NO;
				DEBUG_INFORMATION_FORMAT = dwarf;
				ENABLE_STRICT_OBJC_MSGSEND = YES;
				ENABLE_TESTABILITY = YES;
				GCC_C_LANGUAGE_STANDARD = gnu11;
				GCC_DYNAMIC_NO_PIC = NO;
				GCC_NO_COMMON_BLOCKS = YES;
				GCC_OPTIMIZATION_LEVEL = 0;
				GCC_PREPROCESSOR_DEFINITIONS = (
					"DEBUG=1",
					"$(inherited)",
				);
				GCC_WARN_64_TO_32_BIT_CONVERSION = YES;
				GCC_WARN_ABOUT_RETURN_TYPE = YES_ERROR;
				GCC_WARN_UNDECLARED_SELECTOR = YES;
				GCC_WARN_UNINITIALIZED_AUTOS = YES_AGGRESSIVE;
				GCC_WARN_UNUSED_FUNCTION = YES;
				GCC_WARN_UNUSED_VARIABLE = YES;
				IPHONEOS_DEPLOYMENT_TARGET = 12.2;
				MTL_ENABLE_DEBUG_INFO = INCLUDE_SOURCE;
				MTL_FAST_MATH = YES;
				ONLY_ACTIVE_ARCH = YES;
				SDKROOT = iphoneos;
				SWIFT_ACTIVE_COMPILATION_CONDITIONS = DEBUG;
				SWIFT_OPTIMIZATION_LEVEL = "-Onone";
			};
			name = Debug;
		};
		6CD11FD2227160A600367C9D /* Release */ = {
			isa = XCBuildConfiguration;
			buildSettings = {
				ALWAYS_SEARCH_USER_PATHS = NO;
				CLANG_ANALYZER_NONNULL = YES;
				CLANG_ANALYZER_NUMBER_OBJECT_CONVERSION = YES_AGGRESSIVE;
				CLANG_CXX_LANGUAGE_STANDARD = "gnu++14";
				CLANG_CXX_LIBRARY = "libc++";
				CLANG_ENABLE_MODULES = YES;
				CLANG_ENABLE_OBJC_ARC = YES;
				CLANG_ENABLE_OBJC_WEAK = YES;
				CLANG_WARN_BLOCK_CAPTURE_AUTORELEASING = YES;
				CLANG_WARN_BOOL_CONVERSION = YES;
				CLANG_WARN_COMMA = YES;
				CLANG_WARN_CONSTANT_CONVERSION = YES;
				CLANG_WARN_DEPRECATED_OBJC_IMPLEMENTATIONS = YES;
				CLANG_WARN_DIRECT_OBJC_ISA_USAGE = YES_ERROR;
				CLANG_WARN_DOCUMENTATION_COMMENTS = YES;
				CLANG_WARN_EMPTY_BODY = YES;
				CLANG_WARN_ENUM_CONVERSION = YES;
				CLANG_WARN_INFINITE_RECURSION = YES;
				CLANG_WARN_INT_CONVERSION = YES;
				CLANG_WARN_NON_LITERAL_NULL_CONVERSION = YES;
				CLANG_WARN_OBJC_IMPLICIT_RETAIN_SELF = YES;
				CLANG_WARN_OBJC_LITERAL_CONVERSION = YES;
				CLANG_WARN_OBJC_ROOT_CLASS = YES_ERROR;
				CLANG_WARN_RANGE_LOOP_ANALYSIS = YES;
				CLANG_WARN_STRICT_PROTOTYPES = YES;
				CLANG_WARN_SUSPICIOUS_MOVE = YES;
				CLANG_WARN_UNGUARDED_AVAILABILITY = YES_AGGRESSIVE;
				CLANG_WARN_UNREACHABLE_CODE = YES;
				CLANG_WARN__DUPLICATE_METHOD_MATCH = YES;
				CODE_SIGN_IDENTITY = "iPhone Developer";
				COPY_PHASE_STRIP = NO;
				DEBUG_INFORMATION_FORMAT = "dwarf-with-dsym";
				ENABLE_NS_ASSERTIONS = NO;
				ENABLE_STRICT_OBJC_MSGSEND = YES;
				GCC_C_LANGUAGE_STANDARD = gnu11;
				GCC_NO_COMMON_BLOCKS = YES;
				GCC_WARN_64_TO_32_BIT_CONVERSION = YES;
				GCC_WARN_ABOUT_RETURN_TYPE = YES_ERROR;
				GCC_WARN_UNDECLARED_SELECTOR = YES;
				GCC_WARN_UNINITIALIZED_AUTOS = YES_AGGRESSIVE;
				GCC_WARN_UNUSED_FUNCTION = YES;
				GCC_WARN_UNUSED_VARIABLE = YES;
				IPHONEOS_DEPLOYMENT_TARGET = 12.2;
				MTL_ENABLE_DEBUG_INFO = NO;
				MTL_FAST_MATH = YES;
				SDKROOT = iphoneos;
				SWIFT_COMPILATION_MODE = wholemodule;
				SWIFT_OPTIMIZATION_LEVEL = "-O";
				VALIDATE_PRODUCT = YES;
			};
			name = Release;
		};
		6CD11FD4227160A600367C9D /* Debug */ = {
			isa = XCBuildConfiguration;
			baseConfigurationReference = DC9C1D2F911B2788D971A9A1 /* Pods-MyAppStore.debug.xcconfig */;
			buildSettings = {
				ASSETCATALOG_COMPILER_APPICON_NAME = AppIcon;
				CODE_SIGN_STYLE = Automatic;
				DEVELOPMENT_TEAM = 58B9M9NL9X;
				INFOPLIST_FILE = MyAppStore/Info.plist;
				LD_RUNPATH_SEARCH_PATHS = (
					"$(inherited)",
					"@executable_path/Frameworks",
				);
				PRODUCT_BUNDLE_IDENTIFIER = com.appdelight.MyAppStore;
				PRODUCT_NAME = "$(TARGET_NAME)";
				SWIFT_VERSION = 5.0;
				TARGETED_DEVICE_FAMILY = "1,2";
			};
			name = Debug;
		};
		6CD11FD5227160A600367C9D /* Release */ = {
			isa = XCBuildConfiguration;
			baseConfigurationReference = E8280CBBE31FE23FF99777D3 /* Pods-MyAppStore.release.xcconfig */;
			buildSettings = {
				ASSETCATALOG_COMPILER_APPICON_NAME = AppIcon;
				CODE_SIGN_STYLE = Automatic;
				DEVELOPMENT_TEAM = 58B9M9NL9X;
				INFOPLIST_FILE = MyAppStore/Info.plist;
				LD_RUNPATH_SEARCH_PATHS = (
					"$(inherited)",
					"@executable_path/Frameworks",
				);
				PRODUCT_BUNDLE_IDENTIFIER = com.appdelight.MyAppStore;
				PRODUCT_NAME = "$(TARGET_NAME)";
				SWIFT_VERSION = 5.0;
				TARGETED_DEVICE_FAMILY = "1,2";
			};
			name = Release;
		};
/* End XCBuildConfiguration section */

/* Begin XCConfigurationList section */
		6CD11FBC227160A300367C9D /* Build configuration list for PBXProject "MyAppStore" */ = {
			isa = XCConfigurationList;
			buildConfigurations = (
				6CD11FD1227160A600367C9D /* Debug */,
				6CD11FD2227160A600367C9D /* Release */,
			);
			defaultConfigurationIsVisible = 0;
			defaultConfigurationName = Release;
		};
		6CD11FD3227160A600367C9D /* Build configuration list for PBXNativeTarget "MyAppStore" */ = {
			isa = XCConfigurationList;
			buildConfigurations = (
				6CD11FD4227160A600367C9D /* Debug */,
				6CD11FD5227160A600367C9D /* Release */,
			);
			defaultConfigurationIsVisible = 0;
			defaultConfigurationName = Release;
		};
/* End XCConfigurationList section */
	};
	rootObject = 6CD11FB9227160A300367C9D /* Project object */;
}
